
Microsoft Visual Studio Solution File, Format Version 12.00
# Visual Studio Version 17
VisualStudioVersion = 17.1.32421.90
MinimumVisualStudioVersion = 10.0.40219.1
Project("{FAE04EC0-301F-11D3-BF4B-00C04F79EFBC}") = "AW.PasswordGenerate", "AW.PasswordGenerate\AW.PasswordGenerate.csproj", "{72C1A4B3-0591-468B-93E4-EB180FB8BC0A}"
EndProject
Global
	GlobalSection(SolutionConfigurationPlatforms) = preSolution
		Debug|Any CPU = Debug|Any CPU
		Release|Any CPU = Release|Any CPU
	EndGlobalSection
	GlobalSection(ProjectConfigurationPlatforms) = postSolution
		{72C1A4B3-0591-468B-93E4-EB180FB8BC0A}.Debug|Any CPU.ActiveCfg = Debug|Any CPU
		{72C1A4B3-0591-468B-93E4-EB180FB8BC0A}.Debug|Any CPU.Build.0 = Debug|Any CPU
		{72C1A4B3-0591-468B-93E4-EB180FB8BC0A}.Release|Any CPU.ActiveCfg = Release|Any CPU
		{72C1A4B3-0591-468B-93E4-EB180FB8BC0A}.Release|Any CPU.Build.0 = Release|Any CPU
	EndGlobalSection
	GlobalSection(SolutionProperties) = preSolution
		HideSolutionNode = FALSE
	EndGlobalSection
	GlobalSection(ExtensibilityGlobals) = postSolution
		SolutionGuid = {252792F7-5E7C-4445-BDF6-7CFC4B9352BE}
	EndGlobalSection
EndGlobal
